<?xml version="1.0" encoding="UTF-8" standalone="yes" ?>
<CodeBlocks_project_file>
	<FileVersion major="1" minor="6" />
	<Project>
		<Option title="csk" />
		<Option pch_mode="2" />
		<Option compiler="gcc" />
		<Build>
			<Target title="Debug">
				<Option output="c:/tmp/csk/bin/Debug/csk" prefix_auto="1" extension_auto="1" />
				<Option object_output="c:/tmp/csk/obj/Debug/" />
				<Option type="1" />
				<Option compiler="gcc" />
				<Compiler>
					<Add option="-g" />
					<Add directory="cpplib/src/include" />
					<Add directory="include" />
					<Add directory="csk/src/include" />
				</Compiler>
			</Target>
			<Target title="Release">
				<Option output="c:/tmp/csk/bin/Release/csk" prefix_auto="1" extension_auto="1" />
				<Option object_output="c:/tmp/csk/obj/Release/" />
				<Option type="1" />
				<Option compiler="gcc" />
				<Compiler>
					<Add option="-O2" />
					<Add directory="cpplib/src/include" />
					<Add directory="include" />
					<Add directory="csk/src/include" />
				</Compiler>
				<Linker>
					<Add option="-s" />
				</Linker>
			</Target>
		</Build>
		<Compiler>
			<Add option="-Wall" />
			<Add option="-fexceptions" />
		</Compiler>
		<Unit filename="../cpplib/src/include/io_util.hpp" />
		<Unit filename="../cpplib/src/include/iro_object.hpp" />
		<Unit filename="../cpplib/src/include/object.hpp" />
		<Unit filename="../cpplib/src/io_util.cpp" />
		<Unit filename="src/csk-program.cpp" />
		<Unit filename="src/include/csk-program.hpp" />
		<Unit filename="src/include/token.hpp" />
		<Unit filename="src/main.cpp" />
		<Extensions>
			<lib_finder disable_auto="1" />
		</Extensions>
	</Project>
</CodeBlocks_project_file>
