
Microsoft Visual Studio Solution File, Format Version 12.00
# Visual Studio Version 17
VisualStudioVersion = 17.5.33516.290
MinimumVisualStudioVersion = 10.0.40219.1
Project("{8BC9CEB8-8B4A-11D0-8D11-00A0C91BC942}") = "csk", "csk.vcxproj", "{C4930F9C-3A86-40CE-A991-983A4287DE83}"
	ProjectSection(ProjectDependencies) = postProject
		{A0F8E31B-B73C-4D25-BBB6-7541B57920CC} = {A0F8E31B-B73C-4D25-BBB6-7541B57920CC}
	EndProjectSection
EndProject
Project("{8BC9CEB8-8B4A-11D0-8D11-00A0C91BC942}") = "cpplib", "..\cpplib\cpplib.vcxproj", "{A0F8E31B-B73C-4D25-BBB6-7541B57920CC}"
EndProject
Global
	GlobalSection(SolutionConfigurationPlatforms) = preSolution
		Debug|x64 = Debug|x64
		Debug|x86 = Debug|x86
		Release|x64 = Release|x64
		Release|x86 = Release|x86
	EndGlobalSection
	GlobalSection(ProjectConfigurationPlatforms) = postSolution
		{C4930F9C-3A86-40CE-A991-983A4287DE83}.Debug|x64.ActiveCfg = Debug|x64
		{C4930F9C-3A86-40CE-A991-983A4287DE83}.Debug|x64.Build.0 = Debug|x64
		{C4930F9C-3A86-40CE-A991-983A4287DE83}.Debug|x86.ActiveCfg = Debug|Win32
		{C4930F9C-3A86-40CE-A991-983A4287DE83}.Debug|x86.Build.0 = Debug|Win32
		{C4930F9C-3A86-40CE-A991-983A4287DE83}.Release|x64.ActiveCfg = Release|x64
		{C4930F9C-3A86-40CE-A991-983A4287DE83}.Release|x64.Build.0 = Release|x64
		{C4930F9C-3A86-40CE-A991-983A4287DE83}.Release|x86.ActiveCfg = Release|Win32
		{C4930F9C-3A86-40CE-A991-983A4287DE83}.Release|x86.Build.0 = Release|Win32
		{A0F8E31B-B73C-4D25-BBB6-7541B57920CC}.Debug|x64.ActiveCfg = Debug|x64
		{A0F8E31B-B73C-4D25-BBB6-7541B57920CC}.Debug|x64.Build.0 = Debug|x64
		{A0F8E31B-B73C-4D25-BBB6-7541B57920CC}.Debug|x86.ActiveCfg = Debug|Win32
		{A0F8E31B-B73C-4D25-BBB6-7541B57920CC}.Debug|x86.Build.0 = Debug|Win32
		{A0F8E31B-B73C-4D25-BBB6-7541B57920CC}.Release|x64.ActiveCfg = Release|x64
		{A0F8E31B-B73C-4D25-BBB6-7541B57920CC}.Release|x64.Build.0 = Release|x64
		{A0F8E31B-B73C-4D25-BBB6-7541B57920CC}.Release|x86.ActiveCfg = Release|Win32
		{A0F8E31B-B73C-4D25-BBB6-7541B57920CC}.Release|x86.Build.0 = Release|Win32
	EndGlobalSection
	GlobalSection(SolutionProperties) = preSolution
		HideSolutionNode = FALSE
	EndGlobalSection
	GlobalSection(ExtensibilityGlobals) = postSolution
		SolutionGuid = {53C6CE68-B103-4479-B1C6-1BEC09FA2866}
	EndGlobalSection
EndGlobal
